
Microsoft Visual Studio Solution File, Format Version 12.00
# Visual Studio Version 17
VisualStudioVersion = 17.5.33516.290
MinimumVisualStudioVersion = 10.0.40219.1
Project("{9A19103F-16F7-4668-BE54-9A1E7A4F7556}") = "OperatingSystemHW", "OperatingSystemHW\OperatingSystemHW.csproj", "{8E6BA171-85FE-499A-B900-4250F2C229DE}"
EndProject
Project("{FAE04EC0-301F-11D3-BF4B-00C04F79EFBC}") = "Client", "Client\Client.csproj", "{EBDC04AD-243E-4F19-8493-DB7FDD2E572A}"
EndProject
Global
	GlobalSection(SolutionConfigurationPlatforms) = preSolution
		Debug|Any CPU = Debug|Any CPU
		Release|Any CPU = Release|Any CPU
	EndGlobalSection
	GlobalSection(ProjectConfigurationPlatforms) = postSolution
		{8E6BA171-85FE-499A-B900-4250F2C229DE}.Debug|Any CPU.ActiveCfg = Debug|Any CPU
		{8E6BA171-85FE-499A-B900-4250F2C229DE}.Debug|Any CPU.Build.0 = Debug|Any CPU
		{8E6BA171-85FE-499A-B900-4250F2C229DE}.Release|Any CPU.ActiveCfg = Release|Any CPU
		{8E6BA171-85FE-499A-B900-4250F2C229DE}.Release|Any CPU.Build.0 = Release|Any CPU
		{EBDC04AD-243E-4F19-8493-DB7FDD2E572A}.Debug|Any CPU.ActiveCfg = Debug|Any CPU
		{EBDC04AD-243E-4F19-8493-DB7FDD2E572A}.Debug|Any CPU.Build.0 = Debug|Any CPU
		{EBDC04AD-243E-4F19-8493-DB7FDD2E572A}.Release|Any CPU.ActiveCfg = Release|Any CPU
		{EBDC04AD-243E-4F19-8493-DB7FDD2E572A}.Release|Any CPU.Build.0 = Release|Any CPU
	EndGlobalSection
	GlobalSection(SolutionProperties) = preSolution
		HideSolutionNode = FALSE
	EndGlobalSection
	GlobalSection(ExtensibilityGlobals) = postSolution
		SolutionGuid = {5118D46A-56ED-45B9-87C4-74147AA18A2D}
	EndGlobalSection
EndGlobal
